// !$*UTF8*$!
{
	archiveVersion = 1;
	classes = {
	};
	objectVersion = 50;
	objects = {

/* Begin PBXBuildFile section */
		0A76AC2525679B8B00D3CDA3 /* AppDelegate.swift in Sources */ = {isa = PBXBuildFile; fileRef = 0A76AC2425679B8B00D3CDA3 /* AppDelegate.swift */; };
		0A76AC2725679B8B00D3CDA3 /* SceneDelegate.swift in Sources */ = {isa = PBXBuildFile; fileRef = 0A76AC2625679B8B00D3CDA3 /* SceneDelegate.swift */; };
		0A76AC2925679B8B00D3CDA3 /* HomeViewController.swift in Sources */ = {isa = PBXBuildFile; fileRef = 0A76AC2825679B8B00D3CDA3 /* HomeViewController.swift */; };
		0A76AC2C25679B8B00D3CDA3 /* Main.storyboard in Resources */ = {isa = PBXBuildFile; fileRef = 0A76AC2A25679B8B00D3CDA3 /* Main.storyboard */; };
		0A76AC2E25679B8C00D3CDA3 /* Assets.xcassets in Resources */ = {isa = PBXBuildFile; fileRef = 0A76AC2D25679B8C00D3CDA3 /* Assets.xcassets */; };
		0A76AC3125679B8C00D3CDA3 /* LaunchScreen.storyboard in Resources */ = {isa = PBXBuildFile; fileRef = 0A76AC2F25679B8C00D3CDA3 /* LaunchScreen.storyboard */; };
		0A76AC3C25679B8C00D3CDA3 /* instagramTests.swift in Sources */ = {isa = PBXBuildFile; fileRef = 0A76AC3B25679B8C00D3CDA3 /* instagramTests.swift */; };
		0A76AC4725679B8C00D3CDA3 /* instagramUITests.swift in Sources */ = {isa = PBXBuildFile; fileRef = 0A76AC4625679B8C00D3CDA3 /* instagramUITests.swift */; };
		0A76AC6325679D9200D3CDA3 /* ExplorerViewController.swift in Sources */ = {isa = PBXBuildFile; fileRef = 0A76AC6225679D9200D3CDA3 /* ExplorerViewController.swift */; };
		0A76AC6B25679DA900D3CDA3 /* CameraViewController.swift in Sources */ = {isa = PBXBuildFile; fileRef = 0A76AC6A25679DA900D3CDA3 /* CameraViewController.swift */; };
		0A76AC7025679DC500D3CDA3 /* NotificationViewController.swift in Sources */ = {isa = PBXBuildFile; fileRef = 0A76AC6F25679DC500D3CDA3 /* NotificationViewController.swift */; };
		0A76AC7525679DD000D3CDA3 /* ProfileViewController.swift in Sources */ = {isa = PBXBuildFile; fileRef = 0A76AC7425679DD000D3CDA3 /* ProfileViewController.swift */; };
		0A76AC8025679E8800D3CDA3 /* LoginViewController.swift in Sources */ = {isa = PBXBuildFile; fileRef = 0A76AC7F25679E8800D3CDA3 /* LoginViewController.swift */; };
		0A76AC8825679E9700D3CDA3 /* RegistrationViewController.swift in Sources */ = {isa = PBXBuildFile; fileRef = 0A76AC8725679E9700D3CDA3 /* RegistrationViewController.swift */; };
		0A76AC8D25679EBB00D3CDA3 /* PostViewController.swift in Sources */ = {isa = PBXBuildFile; fileRef = 0A76AC8C25679EBB00D3CDA3 /* PostViewController.swift */; };
		0A76AC9225679EDA00D3CDA3 /* EditViewController.swift in Sources */ = {isa = PBXBuildFile; fileRef = 0A76AC9125679EDA00D3CDA3 /* EditViewController.swift */; };
		0A76AC9725679EE500D3CDA3 /* SettingsViewController.swift in Sources */ = {isa = PBXBuildFile; fileRef = 0A76AC9625679EE400D3CDA3 /* SettingsViewController.swift */; };
		0A76AC9C25679EF000D3CDA3 /* ListViewController.swift in Sources */ = {isa = PBXBuildFile; fileRef = 0A76AC9B25679EF000D3CDA3 /* ListViewController.swift */; };
		0A76ACA125679F0500D3CDA3 /* SearchViewController.swift in Sources */ = {isa = PBXBuildFile; fileRef = 0A76ACA025679F0500D3CDA3 /* SearchViewController.swift */; };
		0A76ACA625679F0E00D3CDA3 /* SearchResultsViewController.swift in Sources */ = {isa = PBXBuildFile; fileRef = 0A76ACA525679F0E00D3CDA3 /* SearchResultsViewController.swift */; };
		0A76ACAB25679F3400D3CDA3 /* PostEditorViewController.swift in Sources */ = {isa = PBXBuildFile; fileRef = 0A76ACAA25679F3400D3CDA3 /* PostEditorViewController.swift */; };
		0A76ACB025679F4100D3CDA3 /* PublishPostViewController.swift in Sources */ = {isa = PBXBuildFile; fileRef = 0A76ACAF25679F4100D3CDA3 /* PublishPostViewController.swift */; };
/* End PBXBuildFile section */

/* Begin PBXContainerItemProxy section */
		0A76AC3825679B8C00D3CDA3 /* PBXContainerItemProxy */ = {
			isa = PBXContainerItemProxy;
			containerPortal = 0A76AC1925679B8B00D3CDA3 /* Project object */;
			proxyType = 1;
			remoteGlobalIDString = 0A76AC2025679B8B00D3CDA3;
			remoteInfo = instagram;
		};
		0A76AC4325679B8C00D3CDA3 /* PBXContainerItemProxy */ = {
			isa = PBXContainerItemProxy;
			containerPortal = 0A76AC1925679B8B00D3CDA3 /* Project object */;
			proxyType = 1;
			remoteGlobalIDString = 0A76AC2025679B8B00D3CDA3;
			remoteInfo = instagram;
		};
/* End PBXContainerItemProxy section */

/* Begin PBXFileReference section */
		0A76AC2125679B8B00D3CDA3 /* instagram.app */ = {isa = PBXFileReference; explicitFileType = wrapper.application; includeInIndex = 0; path = instagram.app; sourceTree = BUILT_PRODUCTS_DIR; };
		0A76AC2425679B8B00D3CDA3 /* AppDelegate.swift */ = {isa = PBXFileReference; lastKnownFileType = sourcecode.swift; path = AppDelegate.swift; sourceTree = "<group>"; };
		0A76AC2625679B8B00D3CDA3 /* SceneDelegate.swift */ = {isa = PBXFileReference; lastKnownFileType = sourcecode.swift; path = SceneDelegate.swift; sourceTree = "<group>"; };
		0A76AC2825679B8B00D3CDA3 /* HomeViewController.swift */ = {isa = PBXFileReference; lastKnownFileType = sourcecode.swift; path = HomeViewController.swift; sourceTree = "<group>"; };
		0A76AC2B25679B8B00D3CDA3 /* Base */ = {isa = PBXFileReference; lastKnownFileType = file.storyboard; name = Base; path = Base.lproj/Main.storyboard; sourceTree = "<group>"; };
		0A76AC2D25679B8C00D3CDA3 /* Assets.xcassets */ = {isa = PBXFileReference; lastKnownFileType = folder.assetcatalog; path = Assets.xcassets; sourceTree = "<group>"; };
		0A76AC3025679B8C00D3CDA3 /* Base */ = {isa = PBXFileReference; lastKnownFileType = file.storyboard; name = Base; path = Base.lproj/LaunchScreen.storyboard; sourceTree = "<group>"; };
		0A76AC3225679B8C00D3CDA3 /* Info.plist */ = {isa = PBXFileReference; lastKnownFileType = text.plist.xml; path = Info.plist; sourceTree = "<group>"; };
		0A76AC3725679B8C00D3CDA3 /* instagramTests.xctest */ = {isa = PBXFileReference; explicitFileType = wrapper.cfbundle; includeInIndex = 0; path = instagramTests.xctest; sourceTree = BUILT_PRODUCTS_DIR; };
		0A76AC3B25679B8C00D3CDA3 /* instagramTests.swift */ = {isa = PBXFileReference; lastKnownFileType = sourcecode.swift; path = instagramTests.swift; sourceTree = "<group>"; };
		0A76AC3D25679B8C00D3CDA3 /* Info.plist */ = {isa = PBXFileReference; lastKnownFileType = text.plist.xml; path = Info.plist; sourceTree = "<group>"; };
		0A76AC4225679B8C00D3CDA3 /* instagramUITests.xctest */ = {isa = PBXFileReference; explicitFileType = wrapper.cfbundle; includeInIndex = 0; path = instagramUITests.xctest; sourceTree = BUILT_PRODUCTS_DIR; };
		0A76AC4625679B8C00D3CDA3 /* instagramUITests.swift */ = {isa = PBXFileReference; lastKnownFileType = sourcecode.swift; path = instagramUITests.swift; sourceTree = "<group>"; };
		0A76AC4825679B8C00D3CDA3 /* Info.plist */ = {isa = PBXFileReference; lastKnownFileType = text.plist.xml; path = Info.plist; sourceTree = "<group>"; };
		0A76AC6225679D9200D3CDA3 /* ExplorerViewController.swift */ = {isa = PBXFileReference; lastKnownFileType = sourcecode.swift; path = ExplorerViewController.swift; sourceTree = "<group>"; };
		0A76AC6A25679DA900D3CDA3 /* CameraViewController.swift */ = {isa = PBXFileReference; lastKnownFileType = sourcecode.swift; path = CameraViewController.swift; sourceTree = "<group>"; };
		0A76AC6F25679DC500D3CDA3 /* NotificationViewController.swift */ = {isa = PBXFileReference; lastKnownFileType = sourcecode.swift; path = NotificationViewController.swift; sourceTree = "<group>"; };
		0A76AC7425679DD000D3CDA3 /* ProfileViewController.swift */ = {isa = PBXFileReference; lastKnownFileType = sourcecode.swift; path = ProfileViewController.swift; sourceTree = "<group>"; };
		0A76AC7F25679E8800D3CDA3 /* LoginViewController.swift */ = {isa = PBXFileReference; lastKnownFileType = sourcecode.swift; path = LoginViewController.swift; sourceTree = "<group>"; };
		0A76AC8725679E9700D3CDA3 /* RegistrationViewController.swift */ = {isa = PBXFileReference; lastKnownFileType = sourcecode.swift; path = RegistrationViewController.swift; sourceTree = "<group>"; };
		0A76AC8C25679EBB00D3CDA3 /* PostViewController.swift */ = {isa = PBXFileReference; lastKnownFileType = sourcecode.swift; path = PostViewController.swift; sourceTree = "<group>"; };
		0A76AC9125679EDA00D3CDA3 /* EditViewController.swift */ = {isa = PBXFileReference; lastKnownFileType = sourcecode.swift; path = EditViewController.swift; sourceTree = "<group>"; };
		0A76AC9625679EE400D3CDA3 /* SettingsViewController.swift */ = {isa = PBXFileReference; lastKnownFileType = sourcecode.swift; path = SettingsViewController.swift; sourceTree = "<group>"; };
		0A76AC9B25679EF000D3CDA3 /* ListViewController.swift */ = {isa = PBXFileReference; lastKnownFileType = sourcecode.swift; path = ListViewController.swift; sourceTree = "<group>"; };
		0A76ACA025679F0500D3CDA3 /* SearchViewController.swift */ = {isa = PBXFileReference; lastKnownFileType = sourcecode.swift; path = SearchViewController.swift; sourceTree = "<group>"; };
		0A76ACA525679F0E00D3CDA3 /* SearchResultsViewController.swift */ = {isa = PBXFileReference; lastKnownFileType = sourcecode.swift; path = SearchResultsViewController.swift; sourceTree = "<group>"; };
		0A76ACAA25679F3400D3CDA3 /* PostEditorViewController.swift */ = {isa = PBXFileReference; lastKnownFileType = sourcecode.swift; path = PostEditorViewController.swift; sourceTree = "<group>"; };
		0A76ACAF25679F4100D3CDA3 /* PublishPostViewController.swift */ = {isa = PBXFileReference; lastKnownFileType = sourcecode.swift; path = PublishPostViewController.swift; sourceTree = "<group>"; };
/* End PBXFileReference section */

/* Begin PBXFrameworksBuildPhase section */
		0A76AC1E25679B8B00D3CDA3 /* Frameworks */ = {
			isa = PBXFrameworksBuildPhase;
			buildActionMask = 2147483647;
			files = (
			);
			runOnlyForDeploymentPostprocessing = 0;
		};
		0A76AC3425679B8C00D3CDA3 /* Frameworks */ = {
			isa = PBXFrameworksBuildPhase;
			buildActionMask = 2147483647;
			files = (
			);
			runOnlyForDeploymentPostprocessing = 0;
		};
		0A76AC3F25679B8C00D3CDA3 /* Frameworks */ = {
			isa = PBXFrameworksBuildPhase;
			buildActionMask = 2147483647;
			files = (
			);
			runOnlyForDeploymentPostprocessing = 0;
		};
/* End PBXFrameworksBuildPhase section */

/* Begin PBXGroup section */
		0A76AC1825679B8B00D3CDA3 = {
			isa = PBXGroup;
			children = (
				0A76AC2325679B8B00D3CDA3 /* instagram */,
				0A76AC3A25679B8C00D3CDA3 /* instagramTests */,
				0A76AC4525679B8C00D3CDA3 /* instagramUITests */,
				0A76AC2225679B8B00D3CDA3 /* Products */,
			);
			sourceTree = "<group>";
		};
		0A76AC2225679B8B00D3CDA3 /* Products */ = {
			isa = PBXGroup;
			children = (
				0A76AC2125679B8B00D3CDA3 /* instagram.app */,
				0A76AC3725679B8C00D3CDA3 /* instagramTests.xctest */,
				0A76AC4225679B8C00D3CDA3 /* instagramUITests.xctest */,
			);
			name = Products;
			sourceTree = "<group>";
		};
		0A76AC2325679B8B00D3CDA3 /* instagram */ = {
			isa = PBXGroup;
			children = (
				0A76AC5D25679C1D00D3CDA3 /* Resources */,
				0A76AC5C25679C1200D3CDA3 /* Views */,
				0A76AC5B25679C0800D3CDA3 /* Models */,
				0A76AC5A25679C0200D3CDA3 /* Controllers */,
				0A76AC3225679B8C00D3CDA3 /* Info.plist */,
			);
			path = instagram;
			sourceTree = "<group>";
		};
		0A76AC3A25679B8C00D3CDA3 /* instagramTests */ = {
			isa = PBXGroup;
			children = (
				0A76AC3B25679B8C00D3CDA3 /* instagramTests.swift */,
				0A76AC3D25679B8C00D3CDA3 /* Info.plist */,
			);
			path = instagramTests;
			sourceTree = "<group>";
		};
		0A76AC4525679B8C00D3CDA3 /* instagramUITests */ = {
			isa = PBXGroup;
			children = (
				0A76AC4625679B8C00D3CDA3 /* instagramUITests.swift */,
				0A76AC4825679B8C00D3CDA3 /* Info.plist */,
			);
			path = instagramUITests;
			sourceTree = "<group>";
		};
		0A76AC5A25679C0200D3CDA3 /* Controllers */ = {
			isa = PBXGroup;
			children = (
				0A76AC7D25679E6500D3CDA3 /* Others */,
				0A76AC7925679E0400D3CDA3 /* Core Tabs */,
			);
			path = Controllers;
			sourceTree = "<group>";
		};
		0A76AC5B25679C0800D3CDA3 /* Models */ = {
			isa = PBXGroup;
			children = (
			);
			path = Models;
			sourceTree = "<group>";
		};
		0A76AC5C25679C1200D3CDA3 /* Views */ = {
			isa = PBXGroup;
			children = (
				0A76AC6125679C7B00D3CDA3 /* Storyboards */,
				0A76AC2D25679B8C00D3CDA3 /* Assets.xcassets */,
			);
			path = Views;
			sourceTree = "<group>";
		};
		0A76AC5D25679C1D00D3CDA3 /* Resources */ = {
			isa = PBXGroup;
			children = (
				0A76AC2425679B8B00D3CDA3 /* AppDelegate.swift */,
				0A76AC2625679B8B00D3CDA3 /* SceneDelegate.swift */,
			);
			path = Resources;
			sourceTree = "<group>";
		};
		0A76AC6125679C7B00D3CDA3 /* Storyboards */ = {
			isa = PBXGroup;
			children = (
				0A76AC2A25679B8B00D3CDA3 /* Main.storyboard */,
				0A76AC2F25679B8C00D3CDA3 /* LaunchScreen.storyboard */,
			);
			path = Storyboards;
			sourceTree = "<group>";
		};
		0A76AC7925679E0400D3CDA3 /* Core Tabs */ = {
			isa = PBXGroup;
			children = (
				0A76AC2825679B8B00D3CDA3 /* HomeViewController.swift */,
				0A76AC6225679D9200D3CDA3 /* ExplorerViewController.swift */,
				0A76AC6A25679DA900D3CDA3 /* CameraViewController.swift */,
				0A76AC6F25679DC500D3CDA3 /* NotificationViewController.swift */,
				0A76AC7425679DD000D3CDA3 /* ProfileViewController.swift */,
			);
			path = "Core Tabs";
			sourceTree = "<group>";
		};
		0A76AC7D25679E6500D3CDA3 /* Others */ = {
			isa = PBXGroup;
			children = (
				0A76AC7E25679E7800D3CDA3 /* Onboarding */,
				0A76AC8C25679EBB00D3CDA3 /* PostViewController.swift */,
				0A76AC9125679EDA00D3CDA3 /* EditViewController.swift */,
				0A76AC9625679EE400D3CDA3 /* SettingsViewController.swift */,
				0A76AC9B25679EF000D3CDA3 /* ListViewController.swift */,
				0A76ACA025679F0500D3CDA3 /* SearchViewController.swift */,
				0A76ACA525679F0E00D3CDA3 /* SearchResultsViewController.swift */,
				0A76ACAA25679F3400D3CDA3 /* PostEditorViewController.swift */,
				0A76ACAF25679F4100D3CDA3 /* PublishPostViewController.swift */,
			);
			path = Others;
			sourceTree = "<group>";
		};
		0A76AC7E25679E7800D3CDA3 /* Onboarding */ = {
			isa = PBXGroup;
			children = (
				0A76AC7F25679E8800D3CDA3 /* LoginViewController.swift */,
				0A76AC8725679E9700D3CDA3 /* RegistrationViewController.swift */,
			);
			path = Onboarding;
			sourceTree = "<group>";
		};
/* End PBXGroup section */

/* Begin PBXNativeTarget section */
		0A76AC2025679B8B00D3CDA3 /* instagram */ = {
			isa = PBXNativeTarget;
			buildConfigurationList = 0A76AC4B25679B8C00D3CDA3 /* Build configuration list for PBXNativeTarget "instagram" */;
			buildPhases = (
				0A76AC1D25679B8B00D3CDA3 /* Sources */,
				0A76AC1E25679B8B00D3CDA3 /* Frameworks */,
				0A76AC1F25679B8B00D3CDA3 /* Resources */,
			);
			buildRules = (
			);
			dependencies = (
			);
			name = instagram;
			productName = instagram;
			productReference = 0A76AC2125679B8B00D3CDA3 /* instagram.app */;
			productType = "com.apple.product-type.application";
		};
		0A76AC3625679B8C00D3CDA3 /* instagramTests */ = {
			isa = PBXNativeTarget;
			buildConfigurationList = 0A76AC4E25679B8C00D3CDA3 /* Build configuration list for PBXNativeTarget "instagramTests" */;
			buildPhases = (
				0A76AC3325679B8C00D3CDA3 /* Sources */,
				0A76AC3425679B8C00D3CDA3 /* Frameworks */,
				0A76AC3525679B8C00D3CDA3 /* Resources */,
			);
			buildRules = (
			);
			dependencies = (
				0A76AC3925679B8C00D3CDA3 /* PBXTargetDependency */,
			);
			name = instagramTests;
			productName = instagramTests;
			productReference = 0A76AC3725679B8C00D3CDA3 /* instagramTests.xctest */;
			productType = "com.apple.product-type.bundle.unit-test";
		};
		0A76AC4125679B8C00D3CDA3 /* instagramUITests */ = {
			isa = PBXNativeTarget;
			buildConfigurationList = 0A76AC5125679B8C00D3CDA3 /* Build configuration list for PBXNativeTarget "instagramUITests" */;
			buildPhases = (
				0A76AC3E25679B8C00D3CDA3 /* Sources */,
				0A76AC3F25679B8C00D3CDA3 /* Frameworks */,
				0A76AC4025679B8C00D3CDA3 /* Resources */,
			);
			buildRules = (
			);
			dependencies = (
				0A76AC4425679B8C00D3CDA3 /* PBXTargetDependency */,
			);
			name = instagramUITests;
			productName = instagramUITests;
			productReference = 0A76AC4225679B8C00D3CDA3 /* instagramUITests.xctest */;
			productType = "com.apple.product-type.bundle.ui-testing";
		};
/* End PBXNativeTarget section */

/* Begin PBXProject section */
		0A76AC1925679B8B00D3CDA3 /* Project object */ = {
			isa = PBXProject;
			attributes = {
				LastSwiftUpdateCheck = 1220;
				LastUpgradeCheck = 1220;
				TargetAttributes = {
					0A76AC2025679B8B00D3CDA3 = {
						CreatedOnToolsVersion = 12.2;
					};
					0A76AC3625679B8C00D3CDA3 = {
						CreatedOnToolsVersion = 12.2;
						TestTargetID = 0A76AC2025679B8B00D3CDA3;
					};
					0A76AC4125679B8C00D3CDA3 = {
						CreatedOnToolsVersion = 12.2;
						TestTargetID = 0A76AC2025679B8B00D3CDA3;
					};
				};
			};
			buildConfigurationList = 0A76AC1C25679B8B00D3CDA3 /* Build configuration list for PBXProject "instagram" */;
			compatibilityVersion = "Xcode 9.3";
			developmentRegion = en;
			hasScannedForEncodings = 0;
			knownRegions = (
				en,
				Base,
			);
			mainGroup = 0A76AC1825679B8B00D3CDA3;
			productRefGroup = 0A76AC2225679B8B00D3CDA3 /* Products */;
			projectDirPath = "";
			projectRoot = "";
			targets = (
				0A76AC2025679B8B00D3CDA3 /* instagram */,
				0A76AC3625679B8C00D3CDA3 /* instagramTests */,
				0A76AC4125679B8C00D3CDA3 /* instagramUITests */,
			);
		};
/* End PBXProject section */

/* Begin PBXResourcesBuildPhase section */
		0A76AC1F25679B8B00D3CDA3 /* Resources */ = {
			isa = PBXResourcesBuildPhase;
			buildActionMask = 2147483647;
			files = (
				0A76AC3125679B8C00D3CDA3 /* LaunchScreen.storyboard in Resources */,
				0A76AC2E25679B8C00D3CDA3 /* Assets.xcassets in Resources */,
				0A76AC2C25679B8B00D3CDA3 /* Main.storyboard in Resources */,
			);
			runOnlyForDeploymentPostprocessing = 0;
		};
		0A76AC3525679B8C00D3CDA3 /* Resources */ = {
			isa = PBXResourcesBuildPhase;
			buildActionMask = 2147483647;
			files = (
			);
			runOnlyForDeploymentPostprocessing = 0;
		};
		0A76AC4025679B8C00D3CDA3 /* Resources */ = {
			isa = PBXResourcesBuildPhase;
			buildActionMask = 2147483647;
			files = (
			);
			runOnlyForDeploymentPostprocessing = 0;
		};
/* End PBXResourcesBuildPhase section */

/* Begin PBXSourcesBuildPhase section */
		0A76AC1D25679B8B00D3CDA3 /* Sources */ = {
			isa = PBXSourcesBuildPhase;
			buildActionMask = 2147483647;
			files = (
				0A76AC2925679B8B00D3CDA3 /* HomeViewController.swift in Sources */,
				0A76AC6B25679DA900D3CDA3 /* CameraViewController.swift in Sources */,
				0A76ACB025679F4100D3CDA3 /* PublishPostViewController.swift in Sources */,
				0A76AC7025679DC500D3CDA3 /* NotificationViewController.swift in Sources */,
				0A76AC8825679E9700D3CDA3 /* RegistrationViewController.swift in Sources */,
				0A76ACA625679F0E00D3CDA3 /* SearchResultsViewController.swift in Sources */,
				0A76ACAB25679F3400D3CDA3 /* PostEditorViewController.swift in Sources */,
				0A76AC8D25679EBB00D3CDA3 /* PostViewController.swift in Sources */,
				0A76AC2525679B8B00D3CDA3 /* AppDelegate.swift in Sources */,
				0A76AC8025679E8800D3CDA3 /* LoginViewController.swift in Sources */,
				0A76AC7525679DD000D3CDA3 /* ProfileViewController.swift in Sources */,
				0A76ACA125679F0500D3CDA3 /* SearchViewController.swift in Sources */,
				0A76AC2725679B8B00D3CDA3 /* SceneDelegate.swift in Sources */,
				0A76AC9225679EDA00D3CDA3 /* EditViewController.swift in Sources */,
				0A76AC6325679D9200D3CDA3 /* ExplorerViewController.swift in Sources */,
				0A76AC9C25679EF000D3CDA3 /* ListViewController.swift in Sources */,
				0A76AC9725679EE500D3CDA3 /* SettingsViewController.swift in Sources */,
			);
			runOnlyForDeploymentPostprocessing = 0;
		};
		0A76AC3325679B8C00D3CDA3 /* Sources */ = {
			isa = PBXSourcesBuildPhase;
			buildActionMask = 2147483647;
			files = (
				0A76AC3C25679B8C00D3CDA3 /* instagramTests.swift in Sources */,
			);
			runOnlyForDeploymentPostprocessing = 0;
		};
		0A76AC3E25679B8C00D3CDA3 /* Sources */ = {
			isa = PBXSourcesBuildPhase;
			buildActionMask = 2147483647;
			files = (
				0A76AC4725679B8C00D3CDA3 /* instagramUITests.swift in Sources */,
			);
			runOnlyForDeploymentPostprocessing = 0;
		};
/* End PBXSourcesBuildPhase section */

/* Begin PBXTargetDependency section */
		0A76AC3925679B8C00D3CDA3 /* PBXTargetDependency */ = {
			isa = PBXTargetDependency;
			target = 0A76AC2025679B8B00D3CDA3 /* instagram */;
			targetProxy = 0A76AC3825679B8C00D3CDA3 /* PBXContainerItemProxy */;
		};
		0A76AC4425679B8C00D3CDA3 /* PBXTargetDependency */ = {
			isa = PBXTargetDependency;
			target = 0A76AC2025679B8B00D3CDA3 /* instagram */;
			targetProxy = 0A76AC4325679B8C00D3CDA3 /* PBXContainerItemProxy */;
		};
/* End PBXTargetDependency section */

/* Begin PBXVariantGroup section */
		0A76AC2A25679B8B00D3CDA3 /* Main.storyboard */ = {
			isa = PBXVariantGroup;
			children = (
				0A76AC2B25679B8B00D3CDA3 /* Base */,
			);
			name = Main.storyboard;
			sourceTree = "<group>";
		};
		0A76AC2F25679B8C00D3CDA3 /* LaunchScreen.storyboard */ = {
			isa = PBXVariantGroup;
			children = (
				0A76AC3025679B8C00D3CDA3 /* Base */,
			);
			name = LaunchScreen.storyboard;
			sourceTree = "<group>";
		};
/* End PBXVariantGroup section */

/* Begin XCBuildConfiguration section */
		0A76AC4925679B8C00D3CDA3 /* Debug */ = {
			isa = XCBuildConfiguration;
			buildSettings = {
				ALWAYS_SEARCH_USER_PATHS = NO;
				CLANG_ANALYZER_NONNULL = YES;
				CLANG_ANALYZER_NUMBER_OBJECT_CONVERSION = YES_AGGRESSIVE;
				CLANG_CXX_LANGUAGE_STANDARD = "gnu++14";
				CLANG_CXX_LIBRARY = "libc++";
				CLANG_ENABLE_MODULES = YES;
				CLANG_ENABLE_OBJC_ARC = YES;
				CLANG_ENABLE_OBJC_WEAK = YES;
				CLANG_WARN_BLOCK_CAPTURE_AUTORELEASING = YES;
				CLANG_WARN_BOOL_CONVERSION = YES;
				CLANG_WARN_COMMA = YES;
				CLANG_WARN_CONSTANT_CONVERSION = YES;
				CLANG_WARN_DEPRECATED_OBJC_IMPLEMENTATIONS = YES;
				CLANG_WARN_DIRECT_OBJC_ISA_USAGE = YES_ERROR;
				CLANG_WARN_DOCUMENTATION_COMMENTS = YES;
				CLANG_WARN_EMPTY_BODY = YES;
				CLANG_WARN_ENUM_CONVERSION = YES;
				CLANG_WARN_INFINITE_RECURSION = YES;
				CLANG_WARN_INT_CONVERSION = YES;
				CLANG_WARN_NON_LITERAL_NULL_CONVERSION = YES;
				CLANG_WARN_OBJC_IMPLICIT_RETAIN_SELF = YES;
				CLANG_WARN_OBJC_LITERAL_CONVERSION = YES;
				CLANG_WARN_OBJC_ROOT_CLASS = YES_ERROR;
				CLANG_WARN_QUOTED_INCLUDE_IN_FRAMEWORK_HEADER = YES;
				CLANG_WARN_RANGE_LOOP_ANALYSIS = YES;
				CLANG_WARN_STRICT_PROTOTYPES = YES;
				CLANG_WARN_SUSPICIOUS_MOVE = YES;
				CLANG_WARN_UNGUARDED_AVAILABILITY = YES_AGGRESSIVE;
				CLANG_WARN_UNREACHABLE_CODE = YES;
				CLANG_WARN__DUPLICATE_METHOD_MATCH = YES;
				COPY_PHASE_STRIP = NO;
				DEBUG_INFORMATION_FORMAT = dwarf;
				ENABLE_STRICT_OBJC_MSGSEND = YES;
				ENABLE_TESTABILITY = YES;
				GCC_C_LANGUAGE_STANDARD = gnu11;
				GCC_DYNAMIC_NO_PIC = NO;
				GCC_NO_COMMON_BLOCKS = YES;
				GCC_OPTIMIZATION_LEVEL = 0;
				GCC_PREPROCESSOR_DEFINITIONS = (
					"DEBUG=1",
					"$(inherited)",
				);
				GCC_WARN_64_TO_32_BIT_CONVERSION = YES;
				GCC_WARN_ABOUT_RETURN_TYPE = YES_ERROR;
				GCC_WARN_UNDECLARED_SELECTOR = YES;
				GCC_WARN_UNINITIALIZED_AUTOS = YES_AGGRESSIVE;
				GCC_WARN_UNUSED_FUNCTION = YES;
				GCC_WARN_UNUSED_VARIABLE = YES;
				IPHONEOS_DEPLOYMENT_TARGET = 14.2;
				MTL_ENABLE_DEBUG_INFO = INCLUDE_SOURCE;
				MTL_FAST_MATH = YES;
				ONLY_ACTIVE_ARCH = YES;
				SDKROOT = iphoneos;
				SWIFT_ACTIVE_COMPILATION_CONDITIONS = DEBUG;
				SWIFT_OPTIMIZATION_LEVEL = "-Onone";
			};
			name = Debug;
		};
		0A76AC4A25679B8C00D3CDA3 /* Release */ = {
			isa = XCBuildConfiguration;
			buildSettings = {
				ALWAYS_SEARCH_USER_PATHS = NO;
				CLANG_ANALYZER_NONNULL = YES;
				CLANG_ANALYZER_NUMBER_OBJECT_CONVERSION = YES_AGGRESSIVE;
				CLANG_CXX_LANGUAGE_STANDARD = "gnu++14";
				CLANG_CXX_LIBRARY = "libc++";
				CLANG_ENABLE_MODULES = YES;
				CLANG_ENABLE_OBJC_ARC = YES;
				CLANG_ENABLE_OBJC_WEAK = YES;
				CLANG_WARN_BLOCK_CAPTURE_AUTORELEASING = YES;
				CLANG_WARN_BOOL_CONVERSION = YES;
				CLANG_WARN_COMMA = YES;
				CLANG_WARN_CONSTANT_CONVERSION = YES;
				CLANG_WARN_DEPRECATED_OBJC_IMPLEMENTATIONS = YES;
				CLANG_WARN_DIRECT_OBJC_ISA_USAGE = YES_ERROR;
				CLANG_WARN_DOCUMENTATION_COMMENTS = YES;
				CLANG_WARN_EMPTY_BODY = YES;
				CLANG_WARN_ENUM_CONVERSION = YES;
				CLANG_WARN_INFINITE_RECURSION = YES;
				CLANG_WARN_INT_CONVERSION = YES;
				CLANG_WARN_NON_LITERAL_NULL_CONVERSION = YES;
				CLANG_WARN_OBJC_IMPLICIT_RETAIN_SELF = YES;
				CLANG_WARN_OBJC_LITERAL_CONVERSION = YES;
				CLANG_WARN_OBJC_ROOT_CLASS = YES_ERROR;
				CLANG_WARN_QUOTED_INCLUDE_IN_FRAMEWORK_HEADER = YES;
				CLANG_WARN_RANGE_LOOP_ANALYSIS = YES;
				CLANG_WARN_STRICT_PROTOTYPES = YES;
				CLANG_WARN_SUSPICIOUS_MOVE = YES;
				CLANG_WARN_UNGUARDED_AVAILABILITY = YES_AGGRESSIVE;
				CLANG_WARN_UNREACHABLE_CODE = YES;
				CLANG_WARN__DUPLICATE_METHOD_MATCH = YES;
				COPY_PHASE_STRIP = NO;
				DEBUG_INFORMATION_FORMAT = "dwarf-with-dsym";
				ENABLE_NS_ASSERTIONS = NO;
				ENABLE_STRICT_OBJC_MSGSEND = YES;
				GCC_C_LANGUAGE_STANDARD = gnu11;
				GCC_NO_COMMON_BLOCKS = YES;
				GCC_WARN_64_TO_32_BIT_CONVERSION = YES;
				GCC_WARN_ABOUT_RETURN_TYPE = YES_ERROR;
				GCC_WARN_UNDECLARED_SELECTOR = YES;
				GCC_WARN_UNINITIALIZED_AUTOS = YES_AGGRESSIVE;
				GCC_WARN_UNUSED_FUNCTION = YES;
				GCC_WARN_UNUSED_VARIABLE = YES;
				IPHONEOS_DEPLOYMENT_TARGET = 14.2;
				MTL_ENABLE_DEBUG_INFO = NO;
				MTL_FAST_MATH = YES;
				SDKROOT = iphoneos;
				SWIFT_COMPILATION_MODE = wholemodule;
				SWIFT_OPTIMIZATION_LEVEL = "-O";
				VALIDATE_PRODUCT = YES;
			};
			name = Release;
		};
		0A76AC4C25679B8C00D3CDA3 /* Debug */ = {
			isa = XCBuildConfiguration;
			buildSettings = {
				ASSETCATALOG_COMPILER_APPICON_NAME = AppIcon;
				ASSETCATALOG_COMPILER_GLOBAL_ACCENT_COLOR_NAME = AccentColor;
				CODE_SIGN_STYLE = Automatic;
				INFOPLIST_FILE = instagram/Info.plist;
				LD_RUNPATH_SEARCH_PATHS = (
					"$(inherited)",
					"@executable_path/Frameworks",
				);
				PRODUCT_BUNDLE_IDENTIFIER = com.nurs.instagram;
				PRODUCT_NAME = "$(TARGET_NAME)";
				SWIFT_VERSION = 5.0;
				TARGETED_DEVICE_FAMILY = "1,2";
			};
			name = Debug;
		};
		0A76AC4D25679B8C00D3CDA3 /* Release */ = {
			isa = XCBuildConfiguration;
			buildSettings = {
				ASSETCATALOG_COMPILER_APPICON_NAME = AppIcon;
				ASSETCATALOG_COMPILER_GLOBAL_ACCENT_COLOR_NAME = AccentColor;
				CODE_SIGN_STYLE = Automatic;
				INFOPLIST_FILE = instagram/Info.plist;
				LD_RUNPATH_SEARCH_PATHS = (
					"$(inherited)",
					"@executable_path/Frameworks",
				);
				PRODUCT_BUNDLE_IDENTIFIER = com.nurs.instagram;
				PRODUCT_NAME = "$(TARGET_NAME)";
				SWIFT_VERSION = 5.0;
				TARGETED_DEVICE_FAMILY = "1,2";
			};
			name = Release;
		};
		0A76AC4F25679B8C00D3CDA3 /* Debug */ = {
			isa = XCBuildConfiguration;
			buildSettings = {
				ALWAYS_EMBED_SWIFT_STANDARD_LIBRARIES = YES;
				BUNDLE_LOADER = "$(TEST_HOST)";
				CODE_SIGN_STYLE = Automatic;
				INFOPLIST_FILE = instagramTests/Info.plist;
				IPHONEOS_DEPLOYMENT_TARGET = 14.2;
				LD_RUNPATH_SEARCH_PATHS = (
					"$(inherited)",
					"@executable_path/Frameworks",
					"@loader_path/Frameworks",
				);
				PRODUCT_BUNDLE_IDENTIFIER = com.nurs.instagramTests;
				PRODUCT_NAME = "$(TARGET_NAME)";
				SWIFT_VERSION = 5.0;
				TARGETED_DEVICE_FAMILY = "1,2";
				TEST_HOST = "$(BUILT_PRODUCTS_DIR)/instagram.app/instagram";
			};
			name = Debug;
		};
		0A76AC5025679B8C00D3CDA3 /* Release */ = {
			isa = XCBuildConfiguration;
			buildSettings = {
				ALWAYS_EMBED_SWIFT_STANDARD_LIBRARIES = YES;
				BUNDLE_LOADER = "$(TEST_HOST)";
				CODE_SIGN_STYLE = Automatic;
				INFOPLIST_FILE = instagramTests/Info.plist;
				IPHONEOS_DEPLOYMENT_TARGET = 14.2;
				LD_RUNPATH_SEARCH_PATHS = (
					"$(inherited)",
					"@executable_path/Frameworks",
					"@loader_path/Frameworks",
				);
				PRODUCT_BUNDLE_IDENTIFIER = com.nurs.instagramTests;
				PRODUCT_NAME = "$(TARGET_NAME)";
				SWIFT_VERSION = 5.0;
				TARGETED_DEVICE_FAMILY = "1,2";
				TEST_HOST = "$(BUILT_PRODUCTS_DIR)/instagram.app/instagram";
			};
			name = Release;
		};
		0A76AC5225679B8C00D3CDA3 /* Debug */ = {
			isa = XCBuildConfiguration;
			buildSettings = {
				ALWAYS_EMBED_SWIFT_STANDARD_LIBRARIES = YES;
				CODE_SIGN_STYLE = Automatic;
				INFOPLIST_FILE = instagramUITests/Info.plist;
				LD_RUNPATH_SEARCH_PATHS = (
					"$(inherited)",
					"@executable_path/Frameworks",
					"@loader_path/Frameworks",
				);
				PRODUCT_BUNDLE_IDENTIFIER = com.nurs.instagramUITests;
				PRODUCT_NAME = "$(TARGET_NAME)";
				SWIFT_VERSION = 5.0;
				TARGETED_DEVICE_FAMILY = "1,2";
				TEST_TARGET_NAME = instagram;
			};
			name = Debug;
		};
		0A76AC5325679B8C00D3CDA3 /* Release */ = {
			isa = XCBuildConfiguration;
			buildSettings = {
				ALWAYS_EMBED_SWIFT_STANDARD_LIBRARIES = YES;
				CODE_SIGN_STYLE = Automatic;
				INFOPLIST_FILE = instagramUITests/Info.plist;
				LD_RUNPATH_SEARCH_PATHS = (
					"$(inherited)",
					"@executable_path/Frameworks",
					"@loader_path/Frameworks",
				);
				PRODUCT_BUNDLE_IDENTIFIER = com.nurs.instagramUITests;
				PRODUCT_NAME = "$(TARGET_NAME)";
				SWIFT_VERSION = 5.0;
				TARGETED_DEVICE_FAMILY = "1,2";
				TEST_TARGET_NAME = instagram;
			};
			name = Release;
		};
/* End XCBuildConfiguration section */

/* Begin XCConfigurationList section */
		0A76AC1C25679B8B00D3CDA3 /* Build configuration list for PBXProject "instagram" */ = {
			isa = XCConfigurationList;
			buildConfigurations = (
				0A76AC4925679B8C00D3CDA3 /* Debug */,
				0A76AC4A25679B8C00D3CDA3 /* Release */,
			);
			defaultConfigurationIsVisible = 0;
			defaultConfigurationName = Release;
		};
		0A76AC4B25679B8C00D3CDA3 /* Build configuration list for PBXNativeTarget "instagram" */ = {
			isa = XCConfigurationList;
			buildConfigurations = (
				0A76AC4C25679B8C00D3CDA3 /* Debug */,
				0A76AC4D25679B8C00D3CDA3 /* Release */,
			);
			defaultConfigurationIsVisible = 0;
			defaultConfigurationName = Release;
		};
		0A76AC4E25679B8C00D3CDA3 /* Build configuration list for PBXNativeTarget "instagramTests" */ = {
			isa = XCConfigurationList;
			buildConfigurations = (
				0A76AC4F25679B8C00D3CDA3 /* Debug */,
				0A76AC5025679B8C00D3CDA3 /* Release */,
			);
			defaultConfigurationIsVisible = 0;
			defaultConfigurationName = Release;
		};
		0A76AC5125679B8C00D3CDA3 /* Build configuration list for PBXNativeTarget "instagramUITests" */ = {
			isa = XCConfigurationList;
			buildConfigurations = (
				0A76AC5225679B8C00D3CDA3 /* Debug */,
				0A76AC5325679B8C00D3CDA3 /* Release */,
			);
			defaultConfigurationIsVisible = 0;
			defaultConfigurationName = Release;
		};
/* End XCConfigurationList section */
	};
	rootObject = 0A76AC1925679B8B00D3CDA3 /* Project object */;
}
